{
  "name": "@ngasemjs/server-core",
  "version": "0.0.31",
  "lockfileVersion": 1,
  "requires": true,
  "dependencies": {
    "@hamjs/http-server": {
      "version": "git+https://github.com/hadihammurabi/hamjs-http-server.git#70b46a1db2156e18e4bbf5ab8905232e8de6d110",
      "from": "git+https://github.com/hadihammurabi/hamjs-http-server.git"
    }
  }
}
