{
  "name": "@ngasemjs/server-core",
  "version": "0.0.31",
  "lockfileVersion": 1,
  "requires": true,
  "dependencies": {
    "@hamjs/http-server": {
      "version": "0.0.2",
      "resolved": "https://registry.npmjs.org/@hamjs/http-server/-/http-server-0.0.2.tgz",
      "integrity": "sha512-+Nq7FynMC3YVJTGrbFCH2q5i6DByL8ObpW+0t3O74ouBpz+QcEhyIr0CwsPzxv8JKUsMkjLQ/hWgCclfVoXNEA=="
    }
  }
}
