{
  "name": "@ngasemjs/server-core",
  "version": "0.0.34",
  "lockfileVersion": 1,
  "requires": true,
  "dependencies": {
    "@hamjs/http-server": {
      "version": "0.0.3",
      "resolved": "https://registry.npmjs.org/@hamjs/http-server/-/http-server-0.0.3.tgz",
      "integrity": "sha512-m2/fqAOtR0BniirOwPaDQX2A6ujX4YL5D9qezuvyfef2o5D6c5kbaLQbfJp4sMAU7RbirabHiaeyxOcBVInTfQ=="
    },
    "@skuyjs/http-server": {
      "version": "0.0.6",
      "resolved": "https://registry.npmjs.org/@skuyjs/http-server/-/http-server-0.0.6.tgz",
      "integrity": "sha512-Kaj413Jnpyb3c88zk1n3oqBmq0Axh0Q8keZJ1qUJhtQaL1G/zP6c3gqNlKfhFXLiNkBI+EaiO8yP5c3eEX4SeA=="
    }
  }
}
